
Microsoft Visual Studio Solution File, Format Version 12.00
# Visual Studio Version 17
VisualStudioVersion = 17.1.32203.90
MinimumVisualStudioVersion = 10.0.40219.1
Project("{FAE04EC0-301F-11D3-BF4B-00C04F79EFBC}") = "LauncherUpdateEnder", "LauncherUpdateEnder.csproj", "{B8452FFF-8BBD-43E9-9BD5-71F0A0A16CDB}"
EndProject
Global
	GlobalSection(SolutionConfigurationPlatforms) = preSolution
		Debug|Any CPU = Debug|Any CPU
		Release|Any CPU = Release|Any CPU
	EndGlobalSection
	GlobalSection(ProjectConfigurationPlatforms) = postSolution
		{B8452FFF-8BBD-43E9-9BD5-71F0A0A16CDB}.Debug|Any CPU.ActiveCfg = Debug|Any CPU
		{B8452FFF-8BBD-43E9-9BD5-71F0A0A16CDB}.Debug|Any CPU.Build.0 = Debug|Any CPU
		{B8452FFF-8BBD-43E9-9BD5-71F0A0A16CDB}.Release|Any CPU.ActiveCfg = Release|Any CPU
		{B8452FFF-8BBD-43E9-9BD5-71F0A0A16CDB}.Release|Any CPU.Build.0 = Release|Any CPU
	EndGlobalSection
	GlobalSection(SolutionProperties) = preSolution
		HideSolutionNode = FALSE
	EndGlobalSection
	GlobalSection(ExtensibilityGlobals) = postSolution
		SolutionGuid = {5DAE1C37-6787-4462-9C02-5B795CA44F44}
	EndGlobalSection
EndGlobal
